{
  "name": "quicklink-delay-test",
  "version": "1.0.0",
  "lockfileVersion": 2,
  "requires": true,
  "packages": {
    "": {
      "version": "1.0.0",
      "license": "ISC",
      "dependencies": {
        "throttles": "^1.0.1"
      }
    },
    "node_modules/throttles": {
      "version": "1.0.1",
      "resolved": "https://registry.npmjs.org/throttles/-/throttles-1.0.1.tgz",
      "integrity": "sha512-fab7Xg+zELr9KOv4fkaBoe/b3L0GMGLd0IBSCn16GoE/Qx6/OfCr1eGNyEcDU2pUA79qQfZ8kPQWlRuok4YwTw==",
      "engines": {
        "node": ">=6"
      }
    }
  },
  "dependencies": {
    "throttles": {
      "version": "1.0.1",
      "resolved": "https://registry.npmjs.org/throttles/-/throttles-1.0.1.tgz",
      "integrity": "sha512-fab7Xg+zELr9KOv4fkaBoe/b3L0GMGLd0IBSCn16GoE/Qx6/OfCr1eGNyEcDU2pUA79qQfZ8kPQWlRuok4YwTw=="
    }
  }
}
